// !$*UTF8*$!
{
	archiveVersion = 1;
	classes = {
	};
	objectVersion = 52;
	objects = {

/* Begin PBXBuildFile section */
		1B128310247F592D006E9906 /* SignInWithAppleManager.swift in Sources */ = {isa = PBXBuildFile; fileRef = 1B12830F247F592D006E9906 /* SignInWithAppleManager.swift */; };
		1B128312247F5933006E9906 /* SignInWithAppleDelegates.swift in Sources */ = {isa = PBXBuildFile; fileRef = 1B128311247F5933006E9906 /* SignInWithAppleDelegates.swift */; };
		1B128314247F593A006E9906 /* SignInWithAppleButton.swift in Sources */ = {isa = PBXBuildFile; fileRef = 1B128313247F593A006E9906 /* SignInWithAppleButton.swift */; };
		1B128316247F5940006E9906 /* EnvironmentWindowKey.swift in Sources */ = {isa = PBXBuildFile; fileRef = 1B128315247F5940006E9906 /* EnvironmentWindowKey.swift */; };
		1B301E182475F8F800BF0882 /* FrontSideMeasurement.swift in Sources */ = {isa = PBXBuildFile; fileRef = 1B301E172475F8F800BF0882 /* FrontSideMeasurement.swift */; };
		1B301E242477610000BF0882 /* MainControlView.swift in Sources */ = {isa = PBXBuildFile; fileRef = 1B301E1D2477610000BF0882 /* MainControlView.swift */; };
		1B301E252477610000BF0882 /* MagnifyingView.swift in Sources */ = {isa = PBXBuildFile; fileRef = 1B301E1E2477610000BF0882 /* MagnifyingView.swift */; };
		1B301E262477610000BF0882 /* TopMaskView.swift in Sources */ = {isa = PBXBuildFile; fileRef = 1B301E1F2477610000BF0882 /* TopMaskView.swift */; };
		1B301E272477610000BF0882 /* UIImageExtension.swift in Sources */ = {isa = PBXBuildFile; fileRef = 1B301E202477610000BF0882 /* UIImageExtension.swift */; };
		1B301E282477610000BF0882 /* IndicatorView.swift in Sources */ = {isa = PBXBuildFile; fileRef = 1B301E212477610000BF0882 /* IndicatorView.swift */; };
		1B301E292477610000BF0882 /* CursorButton.swift in Sources */ = {isa = PBXBuildFile; fileRef = 1B301E222477610000BF0882 /* CursorButton.swift */; };
		1B301E2A2477610000BF0882 /* BottomMaskView.swift in Sources */ = {isa = PBXBuildFile; fileRef = 1B301E232477610000BF0882 /* BottomMaskView.swift */; };
		1B301EAC2477630F00BF0882 /* DeviceUtil.m in Sources */ = {isa = PBXBuildFile; fileRef = 1B301EAA2477630F00BF0882 /* DeviceUtil.m */; };
		1B301EAD2477630F00BF0882 /* DeviceList.plist in Resources */ = {isa = PBXBuildFile; fileRef = 1B301EAB2477630F00BF0882 /* DeviceList.plist */; };
		1B30B0742446A1FC00129CED /* BodyTypeView.swift in Sources */ = {isa = PBXBuildFile; fileRef = 1B30B0732446A1FC00129CED /* BodyTypeView.swift */; };
		1B33716324430B2600116EE2 /* AppDelegate.swift in Sources */ = {isa = PBXBuildFile; fileRef = 1B33716224430B2600116EE2 /* AppDelegate.swift */; };
		1B33716524430B2600116EE2 /* SceneDelegate.swift in Sources */ = {isa = PBXBuildFile; fileRef = 1B33716424430B2600116EE2 /* SceneDelegate.swift */; };
		1B33716724430B2600116EE2 /* ContentView.swift in Sources */ = {isa = PBXBuildFile; fileRef = 1B33716624430B2600116EE2 /* ContentView.swift */; };
		1B33716924430B2800116EE2 /* Assets.xcassets in Resources */ = {isa = PBXBuildFile; fileRef = 1B33716824430B2800116EE2 /* Assets.xcassets */; };
		1B33716C24430B2800116EE2 /* Preview Assets.xcassets in Resources */ = {isa = PBXBuildFile; fileRef = 1B33716B24430B2800116EE2 /* Preview Assets.xcassets */; };
		1B33716F24430B2800116EE2 /* LaunchScreen.storyboard in Resources */ = {isa = PBXBuildFile; fileRef = 1B33716D24430B2800116EE2 /* LaunchScreen.storyboard */; };
		1B33717A24430B2800116EE2 /* View2LoseTests.swift in Sources */ = {isa = PBXBuildFile; fileRef = 1B33717924430B2800116EE2 /* View2LoseTests.swift */; };
		1B33718524430B2800116EE2 /* View2LoseUITests.swift in Sources */ = {isa = PBXBuildFile; fileRef = 1B33718424430B2800116EE2 /* View2LoseUITests.swift */; };
		1B33719324430B4800116EE2 /* SliderView.swift in Sources */ = {isa = PBXBuildFile; fileRef = 1B33719224430B4800116EE2 /* SliderView.swift */; };
		1B33719524430B7500116EE2 /* UserActivity.swift in Sources */ = {isa = PBXBuildFile; fileRef = 1B33719424430B7500116EE2 /* UserActivity.swift */; };
		1B33719724430BD200116EE2 /* UserGoalView.swift in Sources */ = {isa = PBXBuildFile; fileRef = 1B33719624430BD200116EE2 /* UserGoalView.swift */; };
		1B33719F24430D4200116EE2 /* LoginView.swift in Sources */ = {isa = PBXBuildFile; fileRef = 1B33719E24430D4200116EE2 /* LoginView.swift */; };
		1B3371A22443161A00116EE2 /* FacebookCore in Frameworks */ = {isa = PBXBuildFile; productRef = 1B3371A12443161A00116EE2 /* FacebookCore */; };
		1B3371A42443161A00116EE2 /* FacebookLogin in Frameworks */ = {isa = PBXBuildFile; productRef = 1B3371A32443161A00116EE2 /* FacebookLogin */; };
		1B3371A62443161A00116EE2 /* FacebookShare in Frameworks */ = {isa = PBXBuildFile; productRef = 1B3371A52443161A00116EE2 /* FacebookShare */; };
		1B3371A824431FE300116EE2 /* DashboardView.swift in Sources */ = {isa = PBXBuildFile; fileRef = 1B3371A724431FE300116EE2 /* DashboardView.swift */; };
		1B33FCD92450244400698080 /* CarouselView.swift in Sources */ = {isa = PBXBuildFile; fileRef = 1B33FCD82450244300698080 /* CarouselView.swift */; };
		1B36811724456B7400FFFE0D /* ImagePicker.swift in Sources */ = {isa = PBXBuildFile; fileRef = 1B36811624456B7400FFFE0D /* ImagePicker.swift */; };
		1B3B57D42447D2F800D6A6CC /* Montserrat-SemiBold.ttf in Resources */ = {isa = PBXBuildFile; fileRef = 1B3B57D32447D2F800D6A6CC /* Montserrat-SemiBold.ttf */; };
		1B3B57D62447D34300D6A6CC /* Modifiers.swift in Sources */ = {isa = PBXBuildFile; fileRef = 1B3B57D52447D34300D6A6CC /* Modifiers.swift */; };
		1B3B57D92447D59900D6A6CC /* Lato-Regular.ttf in Resources */ = {isa = PBXBuildFile; fileRef = 1B3B57D72447D59800D6A6CC /* Lato-Regular.ttf */; };
		1B3B57DA2447D59900D6A6CC /* Lato-Bold.ttf in Resources */ = {isa = PBXBuildFile; fileRef = 1B3B57D82447D59800D6A6CC /* Lato-Bold.ttf */; };
		1B484B3C24A2D39300BC430B /* ImagePreview.swift in Sources */ = {isa = PBXBuildFile; fileRef = 1B484B3B24A2D39300BC430B /* ImagePreview.swift */; };
		1B4C978C2449278A0022A643 /* UserViewModel.swift in Sources */ = {isa = PBXBuildFile; fileRef = 1B4C978B2449278A0022A643 /* UserViewModel.swift */; };
		1B4D5CEA2443EDB600828099 /* FBLoginProvider.swift in Sources */ = {isa = PBXBuildFile; fileRef = 1B4D5CE92443EDB600828099 /* FBLoginProvider.swift */; };
		1B4D5CEC244416E100828099 /* UserStore.swift in Sources */ = {isa = PBXBuildFile; fileRef = 1B4D5CEB244416E100828099 /* UserStore.swift */; };
		1B4D5CEE24441B7F00828099 /* SessionStore.swift in Sources */ = {isa = PBXBuildFile; fileRef = 1B4D5CED24441B7F00828099 /* SessionStore.swift */; };
		1B4D5CFD244451B900828099 /* AuthState.swift in Sources */ = {isa = PBXBuildFile; fileRef = 1B4D5CFC244451B900828099 /* AuthState.swift */; };
		1B4D5CFF2444520A00828099 /* FacebookManager.swift in Sources */ = {isa = PBXBuildFile; fileRef = 1B4D5CFE2444520A00828099 /* FacebookManager.swift */; };
		1B758809247BAD7A00B1D644 /* SideMeasurement.swift in Sources */ = {isa = PBXBuildFile; fileRef = 1B758808247BAD7A00B1D644 /* SideMeasurement.swift */; };
		1B76F88524AB1B30000FC1AA /* AnimatedGifClass.swift in Sources */ = {isa = PBXBuildFile; fileRef = 1B76F88424AB1B30000FC1AA /* AnimatedGifClass.swift */; };
		1B76F88724AB23CA000FC1AA /* LoadingAnimation.gif in Resources */ = {isa = PBXBuildFile; fileRef = 1B76F88624AB23C9000FC1AA /* LoadingAnimation.gif */; };
		1B76F88924AB2481000FC1AA /* Blank.jpg in Resources */ = {isa = PBXBuildFile; fileRef = 1B76F88824AB2481000FC1AA /* Blank.jpg */; };
		1B76F88B24AB2769000FC1AA /* Image+Gif.swift in Sources */ = {isa = PBXBuildFile; fileRef = 1B76F88A24AB2769000FC1AA /* Image+Gif.swift */; };
		1B76F91424AC7896000FC1AA /* CameraTutorialThirdView.swift in Sources */ = {isa = PBXBuildFile; fileRef = 1B76F90F24AC7896000FC1AA /* CameraTutorialThirdView.swift */; };
		1B76F91524AC7896000FC1AA /* PostOnboardingSuccess.swift in Sources */ = {isa = PBXBuildFile; fileRef = 1B76F91024AC7896000FC1AA /* PostOnboardingSuccess.swift */; };
		1B76F91624AC7896000FC1AA /* CameraTutorialSecondView.swift in Sources */ = {isa = PBXBuildFile; fileRef = 1B76F91124AC7896000FC1AA /* CameraTutorialSecondView.swift */; };
		1B76F91724AC7896000FC1AA /* CameraTutorialFirstView.swift in Sources */ = {isa = PBXBuildFile; fileRef = 1B76F91224AC7896000FC1AA /* CameraTutorialFirstView.swift */; };
		1B76F91824AC7896000FC1AA /* GifViewController.swift in Sources */ = {isa = PBXBuildFile; fileRef = 1B76F91324AC7896000FC1AA /* GifViewController.swift */; };
		1B76F91B24AC7952000FC1AA /* SwiftyGif in Frameworks */ = {isa = PBXBuildFile; productRef = 1B76F91A24AC7952000FC1AA /* SwiftyGif */; };
		1B76F92224AC7BE0000FC1AA /* ios tutorial.gif in Resources */ = {isa = PBXBuildFile; fileRef = 1B76F91D24AC7BDF000FC1AA /* ios tutorial.gif */; };
		1B76F92324AC7BE0000FC1AA /* loadingGif.gif in Resources */ = {isa = PBXBuildFile; fileRef = 1B76F91E24AC7BDF000FC1AA /* loadingGif.gif */; };
		1B76F92424AC7BE0000FC1AA /* ip8plus-tutorial.gif in Resources */ = {isa = PBXBuildFile; fileRef = 1B76F91F24AC7BE0000FC1AA /* ip8plus-tutorial.gif */; };
		1B76F92524AC7BE0000FC1AA /* androidTut1.gif in Resources */ = {isa = PBXBuildFile; fileRef = 1B76F92024AC7BE0000FC1AA /* androidTut1.gif */; };
		1B76F92624AC7BE0000FC1AA /* androidTut2.gif in Resources */ = {isa = PBXBuildFile; fileRef = 1B76F92124AC7BE0000FC1AA /* androidTut2.gif */; };
		1B76F92824AC881A000FC1AA /* DashboardTabBar.swift in Sources */ = {isa = PBXBuildFile; fileRef = 1B76F92724AC881A000FC1AA /* DashboardTabBar.swift */; };
		1B76F92A24AC8B3D000FC1AA /* HealthView.swift in Sources */ = {isa = PBXBuildFile; fileRef = 1B76F92924AC8B3D000FC1AA /* HealthView.swift */; };
		1B76F92C24AC8B47000FC1AA /* Update.swift in Sources */ = {isa = PBXBuildFile; fileRef = 1B76F92B24AC8B47000FC1AA /* Update.swift */; };
		1B76F93024AC8B6C000FC1AA /* ChatBot.swift in Sources */ = {isa = PBXBuildFile; fileRef = 1B76F92F24AC8B6C000FC1AA /* ChatBot.swift */; };
		1B76F93224AC8B7A000FC1AA /* SettingsView.swift in Sources */ = {isa = PBXBuildFile; fileRef = 1B76F93124AC8B7A000FC1AA /* SettingsView.swift */; };
		1B777BAB2489DBBB0064F7E8 /* BBIModelEndpoint.swift in Sources */ = {isa = PBXBuildFile; fileRef = 1B777BAA2489DBBB0064F7E8 /* BBIModelEndpoint.swift */; };
		1B78906124A4AD5D006CEF9D /* Extensions.swift in Sources */ = {isa = PBXBuildFile; fileRef = 1B78906024A4AD5D006CEF9D /* Extensions.swift */; };
		1B7AE48B2491E0CE00FC3E9D /* FrontFacingCameraView.swift in Sources */ = {isa = PBXBuildFile; fileRef = 1B7AE48A2491E0CE00FC3E9D /* FrontFacingCameraView.swift */; };
		1B7AE48D2491F09600FC3E9D /* CameraOverlayView.swift in Sources */ = {isa = PBXBuildFile; fileRef = 1B7AE48C2491F09500FC3E9D /* CameraOverlayView.swift */; };
		1B7B46F12499C7700055A3DE /* FrontViewController.swift in Sources */ = {isa = PBXBuildFile; fileRef = 1B7B46F02499C7700055A3DE /* FrontViewController.swift */; };
		1B7B6B2F249C589800766A11 /* WarpImage.swift in Sources */ = {isa = PBXBuildFile; fileRef = 1B7B6B2E249C589800766A11 /* WarpImage.swift */; };
		1B7D967324AB114C00B8767F /* PostOnBoardingLoadingView.swift in Sources */ = {isa = PBXBuildFile; fileRef = 1B7D967224AB114C00B8767F /* PostOnBoardingLoadingView.swift */; };
		1B7E650C2498528F00455BD5 /* KeychainSwift in Frameworks */ = {isa = PBXBuildFile; productRef = 1B7E650B2498528F00455BD5 /* KeychainSwift */; };
		1B7E650E24986A0700455BD5 /* FrontFacingCameraView-1.swift in Sources */ = {isa = PBXBuildFile; fileRef = 1B7E650D24986A0700455BD5 /* FrontFacingCameraView-1.swift */; };
		1B7E651024989E6600455BD5 /* MeasurementViewModel.swift in Sources */ = {isa = PBXBuildFile; fileRef = 1B7E650F24989E6600455BD5 /* MeasurementViewModel.swift */; };
		1B861325246A335900BA1CD3 /* TakeMeasurement.swift in Sources */ = {isa = PBXBuildFile; fileRef = 1B861324246A335900BA1CD3 /* TakeMeasurement.swift */; };
		1B86132A246A37EC00BA1CD3 /* SideFacingCameraView.swift in Sources */ = {isa = PBXBuildFile; fileRef = 1B861329246A37EC00BA1CD3 /* SideFacingCameraView.swift */; };
		1BBF1D91249B19C00071502D /* SideViewController.swift in Sources */ = {isa = PBXBuildFile; fileRef = 1BBF1D90249B19C00071502D /* SideViewController.swift */; };
		1BCAF35E2450555C009E2A59 /* HelperMethods.swift in Sources */ = {isa = PBXBuildFile; fileRef = 1BCAF35D2450555C009E2A59 /* HelperMethods.swift */; };
		1BCAF360245056F6009E2A59 /* MetricsConversionView.swift in Sources */ = {isa = PBXBuildFile; fileRef = 1BCAF35F245056F6009E2A59 /* MetricsConversionView.swift */; };
		1BCAF3622451099A009E2A59 /* Constants.swift in Sources */ = {isa = PBXBuildFile; fileRef = 1BCAF3612451099A009E2A59 /* Constants.swift */; };
		1BCAF36424510C0D009E2A59 /* InstagramApi.swift in Sources */ = {isa = PBXBuildFile; fileRef = 1BCAF36324510C0D009E2A59 /* InstagramApi.swift */; };
		1BCAF36624510C14009E2A59 /* InstagramResponse.swift in Sources */ = {isa = PBXBuildFile; fileRef = 1BCAF36524510C14009E2A59 /* InstagramResponse.swift */; };
		1BCAF36824510C1B009E2A59 /* WebView.swift in Sources */ = {isa = PBXBuildFile; fileRef = 1BCAF36724510C1B009E2A59 /* WebView.swift */; };
		1BCAF36A245113B5009E2A59 /* InstagramManager.swift in Sources */ = {isa = PBXBuildFile; fileRef = 1BCAF369245113B5009E2A59 /* InstagramManager.swift */; };
		1BDB9CA7245E4C1000921821 /* CameraView.swift in Sources */ = {isa = PBXBuildFile; fileRef = 1BDB9CA6245E4C1000921821 /* CameraView.swift */; };
		1BDB9CA9245E4C5D00921821 /* CameraState.swift in Sources */ = {isa = PBXBuildFile; fileRef = 1BDB9CA8245E4C5D00921821 /* CameraState.swift */; };
		1BDB9CAB245E4C7600921821 /* CameraViewDelegate.swift in Sources */ = {isa = PBXBuildFile; fileRef = 1BDB9CAA245E4C7600921821 /* CameraViewDelegate.swift */; };
		1BDB9CAD245E4CC400921821 /* UserCameraView.swift in Sources */ = {isa = PBXBuildFile; fileRef = 1BDB9CAC245E4CC400921821 /* UserCameraView.swift */; };
		1BFE4BE224584866001BA44B /* TestView.swift in Sources */ = {isa = PBXBuildFile; fileRef = 1BFE4BE124584866001BA44B /* TestView.swift */; };
		965AF4EA24CFC302000B4F1B /* UpdateMeasurement.swift in Sources */ = {isa = PBXBuildFile; fileRef = 965AF4E924CFC302000B4F1B /* UpdateMeasurement.swift */; };
		965B470E24B7F70800769092 /* Charts in Frameworks */ = {isa = PBXBuildFile; productRef = 965B470D24B7F70800769092 /* Charts */; };
		96D5BF7924D2544800E0B466 /* NewUser.swift in Sources */ = {isa = PBXBuildFile; fileRef = 96D5BF7824D2544800E0B466 /* NewUser.swift */; };
		96D5BF7B24D26DA800E0B466 /* LoginUser.swift in Sources */ = {isa = PBXBuildFile; fileRef = 96D5BF7A24D26DA800E0B466 /* LoginUser.swift */; };
		96D5BF7D24D27ACC00E0B466 /* UpdateWeightWaist.swift in Sources */ = {isa = PBXBuildFile; fileRef = 96D5BF7C24D27ACC00E0B466 /* UpdateWeightWaist.swift */; };
/* End PBXBuildFile section */

/* Begin PBXContainerItemProxy section */
		1B33717624430B2800116EE2 /* PBXContainerItemProxy */ = {
			isa = PBXContainerItemProxy;
			containerPortal = 1B33715724430B2600116EE2 /* Project object */;
			proxyType = 1;
			remoteGlobalIDString = 1B33715E24430B2600116EE2;
			remoteInfo = View2Lose;
		};
		1B33718124430B2800116EE2 /* PBXContainerItemProxy */ = {
			isa = PBXContainerItemProxy;
			containerPortal = 1B33715724430B2600116EE2 /* Project object */;
			proxyType = 1;
			remoteGlobalIDString = 1B33715E24430B2600116EE2;
			remoteInfo = View2Lose;
		};
/* End PBXContainerItemProxy section */

/* Begin PBXFileReference section */
		1B12830F247F592D006E9906 /* SignInWithAppleManager.swift */ = {isa = PBXFileReference; fileEncoding = 4; lastKnownFileType = sourcecode.swift; path = SignInWithAppleManager.swift; sourceTree = "<group>"; };
		1B128311247F5933006E9906 /* SignInWithAppleDelegates.swift */ = {isa = PBXFileReference; fileEncoding = 4; lastKnownFileType = sourcecode.swift; path = SignInWithAppleDelegates.swift; sourceTree = "<group>"; };
		1B128313247F593A006E9906 /* SignInWithAppleButton.swift */ = {isa = PBXFileReference; fileEncoding = 4; lastKnownFileType = sourcecode.swift; path = SignInWithAppleButton.swift; sourceTree = "<group>"; };
		1B128315247F5940006E9906 /* EnvironmentWindowKey.swift */ = {isa = PBXFileReference; fileEncoding = 4; lastKnownFileType = sourcecode.swift; path = EnvironmentWindowKey.swift; sourceTree = "<group>"; };
		1B128317247F7192006E9906 /* View2Lose.entitlements */ = {isa = PBXFileReference; lastKnownFileType = text.plist.entitlements; path = View2Lose.entitlements; sourceTree = "<group>"; };
		1B301E172475F8F800BF0882 /* FrontSideMeasurement.swift */ = {isa = PBXFileReference; lastKnownFileType = sourcecode.swift; path = FrontSideMeasurement.swift; sourceTree = "<group>"; };
		1B301E1C247760EE00BF0882 /* BBI-Bridging-Header.h */ = {isa = PBXFileReference; fileEncoding = 4; lastKnownFileType = sourcecode.c.h; path = "BBI-Bridging-Header.h"; sourceTree = "<group>"; };
		1B301E1D2477610000BF0882 /* MainControlView.swift */ = {isa = PBXFileReference; fileEncoding = 4; lastKnownFileType = sourcecode.swift; path = MainControlView.swift; sourceTree = "<group>"; };
		1B301E1E2477610000BF0882 /* MagnifyingView.swift */ = {isa = PBXFileReference; fileEncoding = 4; lastKnownFileType = sourcecode.swift; path = MagnifyingView.swift; sourceTree = "<group>"; };
		1B301E1F2477610000BF0882 /* TopMaskView.swift */ = {isa = PBXFileReference; fileEncoding = 4; lastKnownFileType = sourcecode.swift; path = TopMaskView.swift; sourceTree = "<group>"; };
		1B301E202477610000BF0882 /* UIImageExtension.swift */ = {isa = PBXFileReference; fileEncoding = 4; lastKnownFileType = sourcecode.swift; path = UIImageExtension.swift; sourceTree = "<group>"; };
		1B301E212477610000BF0882 /* IndicatorView.swift */ = {isa = PBXFileReference; fileEncoding = 4; lastKnownFileType = sourcecode.swift; path = IndicatorView.swift; sourceTree = "<group>"; };
		1B301E222477610000BF0882 /* CursorButton.swift */ = {isa = PBXFileReference; fileEncoding = 4; lastKnownFileType = sourcecode.swift; path = CursorButton.swift; sourceTree = "<group>"; };
		1B301E232477610000BF0882 /* BottomMaskView.swift */ = {isa = PBXFileReference; fileEncoding = 4; lastKnownFileType = sourcecode.swift; path = BottomMaskView.swift; sourceTree = "<group>"; };
		1B301EA82477630E00BF0882 /* View2Lose-Bridging-Header.h */ = {isa = PBXFileReference; lastKnownFileType = sourcecode.c.h; path = "View2Lose-Bridging-Header.h"; sourceTree = "<group>"; };
		1B301EA92477630F00BF0882 /* DeviceUtil.h */ = {isa = PBXFileReference; fileEncoding = 4; lastKnownFileType = sourcecode.c.h; path = DeviceUtil.h; sourceTree = "<group>"; };
		1B301EAA2477630F00BF0882 /* DeviceUtil.m */ = {isa = PBXFileReference; fileEncoding = 4; lastKnownFileType = sourcecode.c.objc; path = DeviceUtil.m; sourceTree = "<group>"; };
		1B301EAB2477630F00BF0882 /* DeviceList.plist */ = {isa = PBXFileReference; fileEncoding = 4; lastKnownFileType = text.plist.xml; path = DeviceList.plist; sourceTree = "<group>"; };
		1B30B0732446A1FC00129CED /* BodyTypeView.swift */ = {isa = PBXFileReference; lastKnownFileType = sourcecode.swift; path = BodyTypeView.swift; sourceTree = "<group>"; };
		1B33715F24430B2600116EE2 /* View2Lose.app */ = {isa = PBXFileReference; explicitFileType = wrapper.application; includeInIndex = 0; path = View2Lose.app; sourceTree = BUILT_PRODUCTS_DIR; };
		1B33716224430B2600116EE2 /* AppDelegate.swift */ = {isa = PBXFileReference; lastKnownFileType = sourcecode.swift; path = AppDelegate.swift; sourceTree = "<group>"; };
		1B33716424430B2600116EE2 /* SceneDelegate.swift */ = {isa = PBXFileReference; lastKnownFileType = sourcecode.swift; path = SceneDelegate.swift; sourceTree = "<group>"; };
		1B33716624430B2600116EE2 /* ContentView.swift */ = {isa = PBXFileReference; lastKnownFileType = sourcecode.swift; path = ContentView.swift; sourceTree = "<group>"; };
		1B33716824430B2800116EE2 /* Assets.xcassets */ = {isa = PBXFileReference; lastKnownFileType = folder.assetcatalog; path = Assets.xcassets; sourceTree = "<group>"; };
		1B33716B24430B2800116EE2 /* Preview Assets.xcassets */ = {isa = PBXFileReference; lastKnownFileType = folder.assetcatalog; path = "Preview Assets.xcassets"; sourceTree = "<group>"; };
		1B33716E24430B2800116EE2 /* Base */ = {isa = PBXFileReference; lastKnownFileType = file.storyboard; name = Base; path = Base.lproj/LaunchScreen.storyboard; sourceTree = "<group>"; };
		1B33717024430B2800116EE2 /* Info.plist */ = {isa = PBXFileReference; lastKnownFileType = text.plist.xml; path = Info.plist; sourceTree = "<group>"; };
		1B33717524430B2800116EE2 /* View2LoseTests.xctest */ = {isa = PBXFileReference; explicitFileType = wrapper.cfbundle; includeInIndex = 0; path = View2LoseTests.xctest; sourceTree = BUILT_PRODUCTS_DIR; };
		1B33717924430B2800116EE2 /* View2LoseTests.swift */ = {isa = PBXFileReference; lastKnownFileType = sourcecode.swift; path = View2LoseTests.swift; sourceTree = "<group>"; };
		1B33717B24430B2800116EE2 /* Info.plist */ = {isa = PBXFileReference; lastKnownFileType = text.plist.xml; path = Info.plist; sourceTree = "<group>"; };
		1B33718024430B2800116EE2 /* View2LoseUITests.xctest */ = {isa = PBXFileReference; explicitFileType = wrapper.cfbundle; includeInIndex = 0; path = View2LoseUITests.xctest; sourceTree = BUILT_PRODUCTS_DIR; };
		1B33718424430B2800116EE2 /* View2LoseUITests.swift */ = {isa = PBXFileReference; lastKnownFileType = sourcecode.swift; path = View2LoseUITests.swift; sourceTree = "<group>"; };
		1B33718624430B2800116EE2 /* Info.plist */ = {isa = PBXFileReference; lastKnownFileType = text.plist.xml; path = Info.plist; sourceTree = "<group>"; };
		1B33719224430B4800116EE2 /* SliderView.swift */ = {isa = PBXFileReference; lastKnownFileType = sourcecode.swift; path = SliderView.swift; sourceTree = "<group>"; };
		1B33719424430B7500116EE2 /* UserActivity.swift */ = {isa = PBXFileReference; lastKnownFileType = sourcecode.swift; path = UserActivity.swift; sourceTree = "<group>"; };
		1B33719624430BD200116EE2 /* UserGoalView.swift */ = {isa = PBXFileReference; lastKnownFileType = sourcecode.swift; path = UserGoalView.swift; sourceTree = "<group>"; };
		1B33719E24430D4200116EE2 /* LoginView.swift */ = {isa = PBXFileReference; lastKnownFileType = sourcecode.swift; path = LoginView.swift; sourceTree = "<group>"; };
		1B3371A724431FE300116EE2 /* DashboardView.swift */ = {isa = PBXFileReference; lastKnownFileType = sourcecode.swift; path = DashboardView.swift; sourceTree = "<group>"; };
		1B33FCD82450244300698080 /* CarouselView.swift */ = {isa = PBXFileReference; fileEncoding = 4; lastKnownFileType = sourcecode.swift; path = CarouselView.swift; sourceTree = "<group>"; };
		1B36811624456B7400FFFE0D /* ImagePicker.swift */ = {isa = PBXFileReference; lastKnownFileType = sourcecode.swift; path = ImagePicker.swift; sourceTree = "<group>"; };
		1B3B57D32447D2F800D6A6CC /* Montserrat-SemiBold.ttf */ = {isa = PBXFileReference; lastKnownFileType = file; path = "Montserrat-SemiBold.ttf"; sourceTree = "<group>"; };
		1B3B57D52447D34300D6A6CC /* Modifiers.swift */ = {isa = PBXFileReference; lastKnownFileType = sourcecode.swift; path = Modifiers.swift; sourceTree = "<group>"; };
		1B3B57D72447D59800D6A6CC /* Lato-Regular.ttf */ = {isa = PBXFileReference; lastKnownFileType = file; path = "Lato-Regular.ttf"; sourceTree = "<group>"; };
		1B3B57D82447D59800D6A6CC /* Lato-Bold.ttf */ = {isa = PBXFileReference; lastKnownFileType = file; path = "Lato-Bold.ttf"; sourceTree = "<group>"; };
		1B484B3B24A2D39300BC430B /* ImagePreview.swift */ = {isa = PBXFileReference; lastKnownFileType = sourcecode.swift; path = ImagePreview.swift; sourceTree = "<group>"; };
		1B4C978B2449278A0022A643 /* UserViewModel.swift */ = {isa = PBXFileReference; lastKnownFileType = sourcecode.swift; path = UserViewModel.swift; sourceTree = "<group>"; };
		1B4D5CE92443EDB600828099 /* FBLoginProvider.swift */ = {isa = PBXFileReference; lastKnownFileType = sourcecode.swift; path = FBLoginProvider.swift; sourceTree = "<group>"; };
		1B4D5CEB244416E100828099 /* UserStore.swift */ = {isa = PBXFileReference; lastKnownFileType = sourcecode.swift; path = UserStore.swift; sourceTree = "<group>"; };
		1B4D5CED24441B7F00828099 /* SessionStore.swift */ = {isa = PBXFileReference; lastKnownFileType = sourcecode.swift; path = SessionStore.swift; sourceTree = "<group>"; };
		1B4D5CFC244451B900828099 /* AuthState.swift */ = {isa = PBXFileReference; lastKnownFileType = sourcecode.swift; path = AuthState.swift; sourceTree = "<group>"; };
		1B4D5CFE2444520A00828099 /* FacebookManager.swift */ = {isa = PBXFileReference; lastKnownFileType = sourcecode.swift; path = FacebookManager.swift; sourceTree = "<group>"; };
		1B758808247BAD7A00B1D644 /* SideMeasurement.swift */ = {isa = PBXFileReference; lastKnownFileType = sourcecode.swift; path = SideMeasurement.swift; sourceTree = "<group>"; };
		1B76F88424AB1B30000FC1AA /* AnimatedGifClass.swift */ = {isa = PBXFileReference; fileEncoding = 4; lastKnownFileType = sourcecode.swift; path = AnimatedGifClass.swift; sourceTree = "<group>"; };
		1B76F88624AB23C9000FC1AA /* LoadingAnimation.gif */ = {isa = PBXFileReference; lastKnownFileType = image.gif; path = LoadingAnimation.gif; sourceTree = "<group>"; };
		1B76F88824AB2481000FC1AA /* Blank.jpg */ = {isa = PBXFileReference; lastKnownFileType = image.jpeg; path = Blank.jpg; sourceTree = "<group>"; };
		1B76F88A24AB2769000FC1AA /* Image+Gif.swift */ = {isa = PBXFileReference; lastKnownFileType = sourcecode.swift; path = "Image+Gif.swift"; sourceTree = "<group>"; };
		1B76F90F24AC7896000FC1AA /* CameraTutorialThirdView.swift */ = {isa = PBXFileReference; fileEncoding = 4; lastKnownFileType = sourcecode.swift; path = CameraTutorialThirdView.swift; sourceTree = "<group>"; };
		1B76F91024AC7896000FC1AA /* PostOnboardingSuccess.swift */ = {isa = PBXFileReference; fileEncoding = 4; lastKnownFileType = sourcecode.swift; path = PostOnboardingSuccess.swift; sourceTree = "<group>"; };
		1B76F91124AC7896000FC1AA /* CameraTutorialSecondView.swift */ = {isa = PBXFileReference; fileEncoding = 4; lastKnownFileType = sourcecode.swift; path = CameraTutorialSecondView.swift; sourceTree = "<group>"; };
		1B76F91224AC7896000FC1AA /* CameraTutorialFirstView.swift */ = {isa = PBXFileReference; fileEncoding = 4; lastKnownFileType = sourcecode.swift; path = CameraTutorialFirstView.swift; sourceTree = "<group>"; };
		1B76F91324AC7896000FC1AA /* GifViewController.swift */ = {isa = PBXFileReference; fileEncoding = 4; lastKnownFileType = sourcecode.swift; path = GifViewController.swift; sourceTree = "<group>"; };
		1B76F91D24AC7BDF000FC1AA /* ios tutorial.gif */ = {isa = PBXFileReference; lastKnownFileType = image.gif; path = "ios tutorial.gif"; sourceTree = "<group>"; };
		1B76F91E24AC7BDF000FC1AA /* loadingGif.gif */ = {isa = PBXFileReference; lastKnownFileType = image.gif; path = loadingGif.gif; sourceTree = "<group>"; };
		1B76F91F24AC7BE0000FC1AA /* ip8plus-tutorial.gif */ = {isa = PBXFileReference; lastKnownFileType = image.gif; path = "ip8plus-tutorial.gif"; sourceTree = "<group>"; };
		1B76F92024AC7BE0000FC1AA /* androidTut1.gif */ = {isa = PBXFileReference; lastKnownFileType = image.gif; path = androidTut1.gif; sourceTree = "<group>"; };
		1B76F92124AC7BE0000FC1AA /* androidTut2.gif */ = {isa = PBXFileReference; lastKnownFileType = image.gif; path = androidTut2.gif; sourceTree = "<group>"; };
		1B76F92724AC881A000FC1AA /* DashboardTabBar.swift */ = {isa = PBXFileReference; lastKnownFileType = sourcecode.swift; path = DashboardTabBar.swift; sourceTree = "<group>"; };
		1B76F92924AC8B3D000FC1AA /* HealthView.swift */ = {isa = PBXFileReference; lastKnownFileType = sourcecode.swift; path = HealthView.swift; sourceTree = "<group>"; };
		1B76F92B24AC8B47000FC1AA /* Update.swift */ = {isa = PBXFileReference; lastKnownFileType = sourcecode.swift; path = Update.swift; sourceTree = "<group>"; };
		1B76F92F24AC8B6C000FC1AA /* ChatBot.swift */ = {isa = PBXFileReference; lastKnownFileType = sourcecode.swift; path = ChatBot.swift; sourceTree = "<group>"; };
		1B76F93124AC8B7A000FC1AA /* SettingsView.swift */ = {isa = PBXFileReference; lastKnownFileType = sourcecode.swift; path = SettingsView.swift; sourceTree = "<group>"; };
		1B777BAA2489DBBB0064F7E8 /* BBIModelEndpoint.swift */ = {isa = PBXFileReference; lastKnownFileType = sourcecode.swift; path = BBIModelEndpoint.swift; sourceTree = "<group>"; };
		1B777BAE2489DDD40064F7E8 /* BBIEnum.h */ = {isa = PBXFileReference; lastKnownFileType = sourcecode.c.h; path = BBIEnum.h; sourceTree = "<group>"; };
		1B78906024A4AD5D006CEF9D /* Extensions.swift */ = {isa = PBXFileReference; lastKnownFileType = sourcecode.swift; path = Extensions.swift; sourceTree = "<group>"; };
		1B7AE48A2491E0CE00FC3E9D /* FrontFacingCameraView.swift */ = {isa = PBXFileReference; lastKnownFileType = sourcecode.swift; path = FrontFacingCameraView.swift; sourceTree = "<group>"; };
		1B7AE48C2491F09500FC3E9D /* CameraOverlayView.swift */ = {isa = PBXFileReference; fileEncoding = 4; lastKnownFileType = sourcecode.swift; path = CameraOverlayView.swift; sourceTree = "<group>"; };
		1B7B46F02499C7700055A3DE /* FrontViewController.swift */ = {isa = PBXFileReference; lastKnownFileType = sourcecode.swift; path = FrontViewController.swift; sourceTree = "<group>"; };
		1B7B6B2E249C589800766A11 /* WarpImage.swift */ = {isa = PBXFileReference; lastKnownFileType = sourcecode.swift; path = WarpImage.swift; sourceTree = "<group>"; };
		1B7D967224AB114C00B8767F /* PostOnBoardingLoadingView.swift */ = {isa = PBXFileReference; lastKnownFileType = sourcecode.swift; path = PostOnBoardingLoadingView.swift; sourceTree = "<group>"; };
		1B7E650D24986A0700455BD5 /* FrontFacingCameraView-1.swift */ = {isa = PBXFileReference; fileEncoding = 4; lastKnownFileType = sourcecode.swift; path = "FrontFacingCameraView-1.swift"; sourceTree = "<group>"; };
		1B7E650F24989E6600455BD5 /* MeasurementViewModel.swift */ = {isa = PBXFileReference; lastKnownFileType = sourcecode.swift; path = MeasurementViewModel.swift; sourceTree = "<group>"; };
		1B861324246A335900BA1CD3 /* TakeMeasurement.swift */ = {isa = PBXFileReference; lastKnownFileType = sourcecode.swift; path = TakeMeasurement.swift; sourceTree = "<group>"; };
		1B861329246A37EC00BA1CD3 /* SideFacingCameraView.swift */ = {isa = PBXFileReference; lastKnownFileType = sourcecode.swift; path = SideFacingCameraView.swift; sourceTree = "<group>"; };
		1BBF1D90249B19C00071502D /* SideViewController.swift */ = {isa = PBXFileReference; lastKnownFileType = sourcecode.swift; path = SideViewController.swift; sourceTree = "<group>"; };
		1BCAF35D2450555C009E2A59 /* HelperMethods.swift */ = {isa = PBXFileReference; lastKnownFileType = sourcecode.swift; path = HelperMethods.swift; sourceTree = "<group>"; };
		1BCAF35F245056F6009E2A59 /* MetricsConversionView.swift */ = {isa = PBXFileReference; lastKnownFileType = sourcecode.swift; path = MetricsConversionView.swift; sourceTree = "<group>"; };
		1BCAF3612451099A009E2A59 /* Constants.swift */ = {isa = PBXFileReference; lastKnownFileType = sourcecode.swift; path = Constants.swift; sourceTree = "<group>"; };
		1BCAF36324510C0D009E2A59 /* InstagramApi.swift */ = {isa = PBXFileReference; fileEncoding = 4; lastKnownFileType = sourcecode.swift; path = InstagramApi.swift; sourceTree = "<group>"; };
		1BCAF36524510C14009E2A59 /* InstagramResponse.swift */ = {isa = PBXFileReference; fileEncoding = 4; lastKnownFileType = sourcecode.swift; path = InstagramResponse.swift; sourceTree = "<group>"; };
		1BCAF36724510C1B009E2A59 /* WebView.swift */ = {isa = PBXFileReference; fileEncoding = 4; lastKnownFileType = sourcecode.swift; path = WebView.swift; sourceTree = "<group>"; };
		1BCAF369245113B5009E2A59 /* InstagramManager.swift */ = {isa = PBXFileReference; lastKnownFileType = sourcecode.swift; path = InstagramManager.swift; sourceTree = "<group>"; };
		1BDB9CA6245E4C1000921821 /* CameraView.swift */ = {isa = PBXFileReference; lastKnownFileType = sourcecode.swift; path = CameraView.swift; sourceTree = "<group>"; };
		1BDB9CA8245E4C5D00921821 /* CameraState.swift */ = {isa = PBXFileReference; lastKnownFileType = sourcecode.swift; path = CameraState.swift; sourceTree = "<group>"; };
		1BDB9CAA245E4C7600921821 /* CameraViewDelegate.swift */ = {isa = PBXFileReference; lastKnownFileType = sourcecode.swift; path = CameraViewDelegate.swift; sourceTree = "<group>"; };
		1BDB9CAC245E4CC400921821 /* UserCameraView.swift */ = {isa = PBXFileReference; lastKnownFileType = sourcecode.swift; path = UserCameraView.swift; sourceTree = "<group>"; };
		1BFE4BE124584866001BA44B /* TestView.swift */ = {isa = PBXFileReference; lastKnownFileType = sourcecode.swift; path = TestView.swift; sourceTree = "<group>"; };
		965AF4E924CFC302000B4F1B /* UpdateMeasurement.swift */ = {isa = PBXFileReference; lastKnownFileType = sourcecode.swift; path = UpdateMeasurement.swift; sourceTree = "<group>"; };
		96D5BF7824D2544800E0B466 /* NewUser.swift */ = {isa = PBXFileReference; lastKnownFileType = sourcecode.swift; path = NewUser.swift; sourceTree = "<group>"; };
		96D5BF7A24D26DA800E0B466 /* LoginUser.swift */ = {isa = PBXFileReference; lastKnownFileType = sourcecode.swift; path = LoginUser.swift; sourceTree = "<group>"; };
		96D5BF7C24D27ACC00E0B466 /* UpdateWeightWaist.swift */ = {isa = PBXFileReference; lastKnownFileType = sourcecode.swift; path = UpdateWeightWaist.swift; sourceTree = "<group>"; };
/* End PBXFileReference section */

/* Begin PBXFrameworksBuildPhase section */
		1B33715C24430B2600116EE2 /* Frameworks */ = {
			isa = PBXFrameworksBuildPhase;
			buildActionMask = 2147483647;
			files = (
				1B3371A42443161A00116EE2 /* FacebookLogin in Frameworks */,
				965B470E24B7F70800769092 /* Charts in Frameworks */,
				1B3371A22443161A00116EE2 /* FacebookCore in Frameworks */,
				1B7E650C2498528F00455BD5 /* KeychainSwift in Frameworks */,
				1B3371A62443161A00116EE2 /* FacebookShare in Frameworks */,
				1B76F91B24AC7952000FC1AA /* SwiftyGif in Frameworks */,
			);
			runOnlyForDeploymentPostprocessing = 0;
		};
		1B33717224430B2800116EE2 /* Frameworks */ = {
			isa = PBXFrameworksBuildPhase;
			buildActionMask = 2147483647;
			files = (
			);
			runOnlyForDeploymentPostprocessing = 0;
		};
		1B33717D24430B2800116EE2 /* Frameworks */ = {
			isa = PBXFrameworksBuildPhase;
			buildActionMask = 2147483647;
			files = (
			);
			runOnlyForDeploymentPostprocessing = 0;
		};
/* End PBXFrameworksBuildPhase section */

/* Begin PBXGroup section */
		1B301E1B247760EE00BF0882 /* Controls */ = {
			isa = PBXGroup;
			children = (
				1B301E232477610000BF0882 /* BottomMaskView.swift */,
				1B301E222477610000BF0882 /* CursorButton.swift */,
				1B301E212477610000BF0882 /* IndicatorView.swift */,
				1B301E1E2477610000BF0882 /* MagnifyingView.swift */,
				1B301E1D2477610000BF0882 /* MainControlView.swift */,
				1B301E1F2477610000BF0882 /* TopMaskView.swift */,
				1B301E202477610000BF0882 /* UIImageExtension.swift */,
				1B301E1C247760EE00BF0882 /* BBI-Bridging-Header.h */,
			);
			path = Controls;
			sourceTree = "<group>";
		};
		1B33715624430B2600116EE2 = {
			isa = PBXGroup;
			children = (
				1B33716124430B2600116EE2 /* View2Lose */,
				1B33717824430B2800116EE2 /* View2LoseTests */,
				1B33718324430B2800116EE2 /* View2LoseUITests */,
				1B33716024430B2600116EE2 /* Products */,
			);
			sourceTree = "<group>";
		};
		1B33716024430B2600116EE2 /* Products */ = {
			isa = PBXGroup;
			children = (
				1B33715F24430B2600116EE2 /* View2Lose.app */,
				1B33717524430B2800116EE2 /* View2LoseTests.xctest */,
				1B33718024430B2800116EE2 /* View2LoseUITests.xctest */,
			);
			name = Products;
			sourceTree = "<group>";
		};
		1B33716124430B2600116EE2 /* View2Lose */ = {
			isa = PBXGroup;
			children = (
				1B128317247F7192006E9906 /* View2Lose.entitlements */,
				1B33716224430B2600116EE2 /* AppDelegate.swift */,
				1B33716424430B2600116EE2 /* SceneDelegate.swift */,
				1B301EAB2477630F00BF0882 /* DeviceList.plist */,
				1B301EA92477630F00BF0882 /* DeviceUtil.h */,
				1B301EAA2477630F00BF0882 /* DeviceUtil.m */,
				1B33719B24430C9E00116EE2 /* Utitlities */,
				1B4D5CE82443EB9100828099 /* Services */,
				1B33719A24430C9800116EE2 /* ViewModel */,
				1B33719924430C9300116EE2 /* Model */,
				1B33719824430C8800116EE2 /* View */,
				1B33716824430B2800116EE2 /* Assets.xcassets */,
				1B33716D24430B2800116EE2 /* LaunchScreen.storyboard */,
				1B33717024430B2800116EE2 /* Info.plist */,
				1B76F88824AB2481000FC1AA /* Blank.jpg */,
				1B76F88624AB23C9000FC1AA /* LoadingAnimation.gif */,
				1B3B57D82447D59800D6A6CC /* Lato-Bold.ttf */,
				1B3B57D72447D59800D6A6CC /* Lato-Regular.ttf */,
				1B3B57D32447D2F800D6A6CC /* Montserrat-SemiBold.ttf */,
				1B33716A24430B2800116EE2 /* Preview Content */,
				1B301EA82477630E00BF0882 /* View2Lose-Bridging-Header.h */,
			);
			path = View2Lose;
			sourceTree = "<group>";
		};
		1B33716A24430B2800116EE2 /* Preview Content */ = {
			isa = PBXGroup;
			children = (
				1B33716B24430B2800116EE2 /* Preview Assets.xcassets */,
			);
			path = "Preview Content";
			sourceTree = "<group>";
		};
		1B33717824430B2800116EE2 /* View2LoseTests */ = {
			isa = PBXGroup;
			children = (
				1B33717924430B2800116EE2 /* View2LoseTests.swift */,
				1B33717B24430B2800116EE2 /* Info.plist */,
			);
			path = View2LoseTests;
			sourceTree = "<group>";
		};
		1B33718324430B2800116EE2 /* View2LoseUITests */ = {
			isa = PBXGroup;
			children = (
				1B33718424430B2800116EE2 /* View2LoseUITests.swift */,
				1B33718624430B2800116EE2 /* Info.plist */,
			);
			path = View2LoseUITests;
			sourceTree = "<group>";
		};
		1B33719824430C8800116EE2 /* View */ = {
			isa = PBXGroup;
			children = (
				1B33719D24430CBC00116EE2 /* Screen */,
				1B33719C24430CB200116EE2 /* Compontent */,
			);
			path = View;
			sourceTree = "<group>";
		};
		1B33719924430C9300116EE2 /* Model */ = {
			isa = PBXGroup;
			children = (
				1BCAF36524510C14009E2A59 /* InstagramResponse.swift */,
				1B4D5CEB244416E100828099 /* UserStore.swift */,
				1B4D5CED24441B7F00828099 /* SessionStore.swift */,
				1B4D5CFC244451B900828099 /* AuthState.swift */,
				1B7B6B2E249C589800766A11 /* WarpImage.swift */,
				96D5BF7824D2544800E0B466 /* NewUser.swift */,
				96D5BF7A24D26DA800E0B466 /* LoginUser.swift */,
				96D5BF7C24D27ACC00E0B466 /* UpdateWeightWaist.swift */,
			);
			path = Model;
			sourceTree = "<group>";
		};
		1B33719A24430C9800116EE2 /* ViewModel */ = {
			isa = PBXGroup;
			children = (
				1B4C978B2449278A0022A643 /* UserViewModel.swift */,
				1B7E650F24989E6600455BD5 /* MeasurementViewModel.swift */,
			);
			path = ViewModel;
			sourceTree = "<group>";
		};
		1B33719B24430C9E00116EE2 /* Utitlities */ = {
			isa = PBXGroup;
			children = (
				1B76F91C24AC7BDF000FC1AA /* GifAssets */,
				1B76F88324AB1B30000FC1AA /* AnimatedGifClass */,
				1B3B57D52447D34300D6A6CC /* Modifiers.swift */,
				1BCAF35D2450555C009E2A59 /* HelperMethods.swift */,
				1BCAF3612451099A009E2A59 /* Constants.swift */,
				1B78906024A4AD5D006CEF9D /* Extensions.swift */,
				1B76F88A24AB2769000FC1AA /* Image+Gif.swift */,
			);
			path = Utitlities;
			sourceTree = "<group>";
		};
		1B33719C24430CB200116EE2 /* Compontent */ = {
			isa = PBXGroup;
			children = (
				1BDB9CA5245E4BFA00921821 /* Camera */,
				1B33719224430B4800116EE2 /* SliderView.swift */,
				1B33FCD82450244300698080 /* CarouselView.swift */,
				1BCAF35F245056F6009E2A59 /* MetricsConversionView.swift */,
			);
			path = Compontent;
			sourceTree = "<group>";
		};
		1B33719D24430CBC00116EE2 /* Screen */ = {
			isa = PBXGroup;
			children = (
				1B76F90E24AC7896000FC1AA /* CameraTutorial */,
				1B861326246A37AA00BA1CD3 /* Camera */,
				1B3371A92443207100116EE2 /* OnBoarding */,
				1BFE4BE124584866001BA44B /* TestView.swift */,
				1B3371A724431FE300116EE2 /* DashboardView.swift */,
				1B76F92924AC8B3D000FC1AA /* HealthView.swift */,
				1B76F92B24AC8B47000FC1AA /* Update.swift */,
				965AF4E924CFC302000B4F1B /* UpdateMeasurement.swift */,
				1BDB9CAC245E4CC400921821 /* UserCameraView.swift */,
				1B861324246A335900BA1CD3 /* TakeMeasurement.swift */,
				1B76F92724AC881A000FC1AA /* DashboardTabBar.swift */,
				1B76F92F24AC8B6C000FC1AA /* ChatBot.swift */,
				1B76F93124AC8B7A000FC1AA /* SettingsView.swift */,
			);
			path = Screen;
			sourceTree = "<group>";
		};
		1B3371A92443207100116EE2 /* OnBoarding */ = {
			isa = PBXGroup;
			children = (
				1B33719424430B7500116EE2 /* UserActivity.swift */,
				1B33716624430B2600116EE2 /* ContentView.swift */,
				1B33719624430BD200116EE2 /* UserGoalView.swift */,
				1B30B0732446A1FC00129CED /* BodyTypeView.swift */,
				1B33719E24430D4200116EE2 /* LoginView.swift */,
				1B7D967224AB114C00B8767F /* PostOnBoardingLoadingView.swift */,
			);
			path = OnBoarding;
			sourceTree = "<group>";
		};
		1B36811524456B6000FFFE0D /* ImagePicker */ = {
			isa = PBXGroup;
			children = (
				1B36811624456B7400FFFE0D /* ImagePicker.swift */,
			);
			path = ImagePicker;
			sourceTree = "<group>";
		};
		1B4D5CE82443EB9100828099 /* Services */ = {
			isa = PBXGroup;
			children = (
				1B777BA82489DB540064F7E8 /* Network */,
				1B36811524456B6000FFFE0D /* ImagePicker */,
				1B4D5CE92443EDB600828099 /* FBLoginProvider.swift */,
				1B4D5CFE2444520A00828099 /* FacebookManager.swift */,
				1BCAF36324510C0D009E2A59 /* InstagramApi.swift */,
				1BCAF369245113B5009E2A59 /* InstagramManager.swift */,
				1BCAF36724510C1B009E2A59 /* WebView.swift */,
				1B128311247F5933006E9906 /* SignInWithAppleDelegates.swift */,
				1B12830F247F592D006E9906 /* SignInWithAppleManager.swift */,
				1B128313247F593A006E9906 /* SignInWithAppleButton.swift */,
				1B128315247F5940006E9906 /* EnvironmentWindowKey.swift */,
			);
			path = Services;
			sourceTree = "<group>";
		};
		1B76F88324AB1B30000FC1AA /* AnimatedGifClass */ = {
			isa = PBXGroup;
			children = (
				1B76F88424AB1B30000FC1AA /* AnimatedGifClass.swift */,
			);
			path = AnimatedGifClass;
			sourceTree = "<group>";
		};
		1B76F90E24AC7896000FC1AA /* CameraTutorial */ = {
			isa = PBXGroup;
			children = (
				1B76F90F24AC7896000FC1AA /* CameraTutorialThirdView.swift */,
				1B76F91024AC7896000FC1AA /* PostOnboardingSuccess.swift */,
				1B76F91124AC7896000FC1AA /* CameraTutorialSecondView.swift */,
				1B76F91224AC7896000FC1AA /* CameraTutorialFirstView.swift */,
				1B76F91324AC7896000FC1AA /* GifViewController.swift */,
			);
			path = CameraTutorial;
			sourceTree = "<group>";
		};
		1B76F91C24AC7BDF000FC1AA /* GifAssets */ = {
			isa = PBXGroup;
			children = (
				1B76F91D24AC7BDF000FC1AA /* ios tutorial.gif */,
				1B76F91E24AC7BDF000FC1AA /* loadingGif.gif */,
				1B76F91F24AC7BE0000FC1AA /* ip8plus-tutorial.gif */,
				1B76F92024AC7BE0000FC1AA /* androidTut1.gif */,
				1B76F92124AC7BE0000FC1AA /* androidTut2.gif */,
			);
			path = GifAssets;
			sourceTree = "<group>";
		};
		1B777BA82489DB540064F7E8 /* Network */ = {
			isa = PBXGroup;
			children = (
				1B777BA92489DB5C0064F7E8 /* BBIServiceModel */,
			);
			path = Network;
			sourceTree = "<group>";
		};
		1B777BA92489DB5C0064F7E8 /* BBIServiceModel */ = {
			isa = PBXGroup;
			children = (
				1B777BAA2489DBBB0064F7E8 /* BBIModelEndpoint.swift */,
				1B777BAE2489DDD40064F7E8 /* BBIEnum.h */,
			);
			path = BBIServiceModel;
			sourceTree = "<group>";
		};
		1B861326246A37AA00BA1CD3 /* Camera */ = {
			isa = PBXGroup;
			children = (
				1B301E1B247760EE00BF0882 /* Controls */,
				1B861329246A37EC00BA1CD3 /* SideFacingCameraView.swift */,
				1B301E172475F8F800BF0882 /* FrontSideMeasurement.swift */,
				1B7E650D24986A0700455BD5 /* FrontFacingCameraView-1.swift */,
				1B758808247BAD7A00B1D644 /* SideMeasurement.swift */,
				1B7AE48A2491E0CE00FC3E9D /* FrontFacingCameraView.swift */,
				1B7B46F02499C7700055A3DE /* FrontViewController.swift */,
				1BBF1D90249B19C00071502D /* SideViewController.swift */,
				1B484B3B24A2D39300BC430B /* ImagePreview.swift */,
			);
			path = Camera;
			sourceTree = "<group>";
		};
		1BDB9CA5245E4BFA00921821 /* Camera */ = {
			isa = PBXGroup;
			children = (
				1B7AE48C2491F09500FC3E9D /* CameraOverlayView.swift */,
				1BDB9CA6245E4C1000921821 /* CameraView.swift */,
				1BDB9CA8245E4C5D00921821 /* CameraState.swift */,
				1BDB9CAA245E4C7600921821 /* CameraViewDelegate.swift */,
			);
			path = Camera;
			sourceTree = "<group>";
		};
/* End PBXGroup section */

/* Begin PBXNativeTarget section */
		1B33715E24430B2600116EE2 /* View2Lose */ = {
			isa = PBXNativeTarget;
			buildConfigurationList = 1B33718924430B2800116EE2 /* Build configuration list for PBXNativeTarget "View2Lose" */;
			buildPhases = (
				1B33715B24430B2600116EE2 /* Sources */,
				1B33715C24430B2600116EE2 /* Frameworks */,
				1B33715D24430B2600116EE2 /* Resources */,
			);
			buildRules = (
			);
			dependencies = (
			);
			name = View2Lose;
			packageProductDependencies = (
				1B3371A12443161A00116EE2 /* FacebookCore */,
				1B3371A32443161A00116EE2 /* FacebookLogin */,
				1B3371A52443161A00116EE2 /* FacebookShare */,
				1B7E650B2498528F00455BD5 /* KeychainSwift */,
				1B76F91A24AC7952000FC1AA /* SwiftyGif */,
				965B470D24B7F70800769092 /* Charts */,
			);
			productName = View2Lose;
			productReference = 1B33715F24430B2600116EE2 /* View2Lose.app */;
			productType = "com.apple.product-type.application";
		};
		1B33717424430B2800116EE2 /* View2LoseTests */ = {
			isa = PBXNativeTarget;
			buildConfigurationList = 1B33718C24430B2800116EE2 /* Build configuration list for PBXNativeTarget "View2LoseTests" */;
			buildPhases = (
				1B33717124430B2800116EE2 /* Sources */,
				1B33717224430B2800116EE2 /* Frameworks */,
				1B33717324430B2800116EE2 /* Resources */,
			);
			buildRules = (
			);
			dependencies = (
				1B33717724430B2800116EE2 /* PBXTargetDependency */,
			);
			name = View2LoseTests;
			productName = View2LoseTests;
			productReference = 1B33717524430B2800116EE2 /* View2LoseTests.xctest */;
			productType = "com.apple.product-type.bundle.unit-test";
		};
		1B33717F24430B2800116EE2 /* View2LoseUITests */ = {
			isa = PBXNativeTarget;
			buildConfigurationList = 1B33718F24430B2800116EE2 /* Build configuration list for PBXNativeTarget "View2LoseUITests" */;
			buildPhases = (
				1B33717C24430B2800116EE2 /* Sources */,
				1B33717D24430B2800116EE2 /* Frameworks */,
				1B33717E24430B2800116EE2 /* Resources */,
			);
			buildRules = (
			);
			dependencies = (
				1B33718224430B2800116EE2 /* PBXTargetDependency */,
			);
			name = View2LoseUITests;
			productName = View2LoseUITests;
			productReference = 1B33718024430B2800116EE2 /* View2LoseUITests.xctest */;
			productType = "com.apple.product-type.bundle.ui-testing";
		};
/* End PBXNativeTarget section */

/* Begin PBXProject section */
		1B33715724430B2600116EE2 /* Project object */ = {
			isa = PBXProject;
			attributes = {
				LastSwiftUpdateCheck = 1140;
				LastUpgradeCheck = 1140;
				ORGANIZATIONNAME = Sagar;
				TargetAttributes = {
					1B33715E24430B2600116EE2 = {
						CreatedOnToolsVersion = 11.4;
						LastSwiftMigration = 1140;
					};
					1B33717424430B2800116EE2 = {
						CreatedOnToolsVersion = 11.4;
						TestTargetID = 1B33715E24430B2600116EE2;
					};
					1B33717F24430B2800116EE2 = {
						CreatedOnToolsVersion = 11.4;
						TestTargetID = 1B33715E24430B2600116EE2;
					};
				};
			};
			buildConfigurationList = 1B33715A24430B2600116EE2 /* Build configuration list for PBXProject "View2Lose" */;
			compatibilityVersion = "Xcode 9.3";
			developmentRegion = en;
			hasScannedForEncodings = 0;
			knownRegions = (
				en,
				Base,
			);
			mainGroup = 1B33715624430B2600116EE2;
			packageReferences = (
				1B3371A02443161A00116EE2 /* XCRemoteSwiftPackageReference "facebook-ios-sdk" */,
				1B7E650A2498528F00455BD5 /* XCRemoteSwiftPackageReference "keychain-swift" */,
				1B76F91924AC7952000FC1AA /* XCRemoteSwiftPackageReference "SwiftyGif" */,
				965B470C24B7F70800769092 /* XCRemoteSwiftPackageReference "Charts" */,
			);
			productRefGroup = 1B33716024430B2600116EE2 /* Products */;
			projectDirPath = "";
			projectRoot = "";
			targets = (
				1B33715E24430B2600116EE2 /* View2Lose */,
				1B33717424430B2800116EE2 /* View2LoseTests */,
				1B33717F24430B2800116EE2 /* View2LoseUITests */,
			);
		};
/* End PBXProject section */

/* Begin PBXResourcesBuildPhase section */
		1B33715D24430B2600116EE2 /* Resources */ = {
			isa = PBXResourcesBuildPhase;
			buildActionMask = 2147483647;
			files = (
				1B76F88924AB2481000FC1AA /* Blank.jpg in Resources */,
				1B76F92224AC7BE0000FC1AA /* ios tutorial.gif in Resources */,
				1B301EAD2477630F00BF0882 /* DeviceList.plist in Resources */,
				1B76F92624AC7BE0000FC1AA /* androidTut2.gif in Resources */,
				1B33716F24430B2800116EE2 /* LaunchScreen.storyboard in Resources */,
				1B76F92324AC7BE0000FC1AA /* loadingGif.gif in Resources */,
				1B3B57DA2447D59900D6A6CC /* Lato-Bold.ttf in Resources */,
				1B76F92524AC7BE0000FC1AA /* androidTut1.gif in Resources */,
				1B76F92424AC7BE0000FC1AA /* ip8plus-tutorial.gif in Resources */,
				1B33716C24430B2800116EE2 /* Preview Assets.xcassets in Resources */,
				1B3B57D92447D59900D6A6CC /* Lato-Regular.ttf in Resources */,
				1B3B57D42447D2F800D6A6CC /* Montserrat-SemiBold.ttf in Resources */,
				1B76F88724AB23CA000FC1AA /* LoadingAnimation.gif in Resources */,
				1B33716924430B2800116EE2 /* Assets.xcassets in Resources */,
			);
			runOnlyForDeploymentPostprocessing = 0;
		};
		1B33717324430B2800116EE2 /* Resources */ = {
			isa = PBXResourcesBuildPhase;
			buildActionMask = 2147483647;
			files = (
			);
			runOnlyForDeploymentPostprocessing = 0;
		};
		1B33717E24430B2800116EE2 /* Resources */ = {
			isa = PBXResourcesBuildPhase;
			buildActionMask = 2147483647;
			files = (
			);
			runOnlyForDeploymentPostprocessing = 0;
		};
/* End PBXResourcesBuildPhase section */

/* Begin PBXSourcesBuildPhase section */
		1B33715B24430B2600116EE2 /* Sources */ = {
			isa = PBXSourcesBuildPhase;
			buildActionMask = 2147483647;
			files = (
				1B128310247F592D006E9906 /* SignInWithAppleManager.swift in Sources */,
				1BCAF36624510C14009E2A59 /* InstagramResponse.swift in Sources */,
				96D5BF7D24D27ACC00E0B466 /* UpdateWeightWaist.swift in Sources */,
				1B86132A246A37EC00BA1CD3 /* SideFacingCameraView.swift in Sources */,
				1BCAF36A245113B5009E2A59 /* InstagramManager.swift in Sources */,
				1B301E252477610000BF0882 /* MagnifyingView.swift in Sources */,
				1B76F92824AC881A000FC1AA /* DashboardTabBar.swift in Sources */,
				1B33719724430BD200116EE2 /* UserGoalView.swift in Sources */,
				1B4D5CFD244451B900828099 /* AuthState.swift in Sources */,
				1B76F91824AC7896000FC1AA /* GifViewController.swift in Sources */,
				1B7E650E24986A0700455BD5 /* FrontFacingCameraView-1.swift in Sources */,
				1B76F91524AC7896000FC1AA /* PostOnboardingSuccess.swift in Sources */,
				1B3371A824431FE300116EE2 /* DashboardView.swift in Sources */,
				1B128312247F5933006E9906 /* SignInWithAppleDelegates.swift in Sources */,
				96D5BF7924D2544800E0B466 /* NewUser.swift in Sources */,
				1B76F91724AC7896000FC1AA /* CameraTutorialFirstView.swift in Sources */,
				1B301E292477610000BF0882 /* CursorButton.swift in Sources */,
				1B7D967324AB114C00B8767F /* PostOnBoardingLoadingView.swift in Sources */,
				1B76F91624AC7896000FC1AA /* CameraTutorialSecondView.swift in Sources */,
				1B76F88524AB1B30000FC1AA /* AnimatedGifClass.swift in Sources */,
				1B36811724456B7400FFFE0D /* ImagePicker.swift in Sources */,
				1B33FCD92450244400698080 /* CarouselView.swift in Sources */,
				1B33719F24430D4200116EE2 /* LoginView.swift in Sources */,
				1B33716324430B2600116EE2 /* AppDelegate.swift in Sources */,
				1B758809247BAD7A00B1D644 /* SideMeasurement.swift in Sources */,
				1BCAF36424510C0D009E2A59 /* InstagramApi.swift in Sources */,
				965AF4EA24CFC302000B4F1B /* UpdateMeasurement.swift in Sources */,
				1B76F93224AC8B7A000FC1AA /* SettingsView.swift in Sources */,
				1BDB9CA9245E4C5D00921821 /* CameraState.swift in Sources */,
				1B301E272477610000BF0882 /* UIImageExtension.swift in Sources */,
				1B301EAC2477630F00BF0882 /* DeviceUtil.m in Sources */,
				1B301E262477610000BF0882 /* TopMaskView.swift in Sources */,
				1B301E282477610000BF0882 /* IndicatorView.swift in Sources */,
				1B7E651024989E6600455BD5 /* MeasurementViewModel.swift in Sources */,
				1BCAF36824510C1B009E2A59 /* WebView.swift in Sources */,
				1B301E2A2477610000BF0882 /* BottomMaskView.swift in Sources */,
				1B76F91424AC7896000FC1AA /* CameraTutorialThirdView.swift in Sources */,
				1B128314247F593A006E9906 /* SignInWithAppleButton.swift in Sources */,
				1BDB9CAB245E4C7600921821 /* CameraViewDelegate.swift in Sources */,
				1B78906124A4AD5D006CEF9D /* Extensions.swift in Sources */,
				1B4C978C2449278A0022A643 /* UserViewModel.swift in Sources */,
				1B7AE48B2491E0CE00FC3E9D /* FrontFacingCameraView.swift in Sources */,
				1B4D5CFF2444520A00828099 /* FacebookManager.swift in Sources */,
				1B301E182475F8F800BF0882 /* FrontSideMeasurement.swift in Sources */,
				1B30B0742446A1FC00129CED /* BodyTypeView.swift in Sources */,
				1B76F93024AC8B6C000FC1AA /* ChatBot.swift in Sources */,
				1B861325246A335900BA1CD3 /* TakeMeasurement.swift in Sources */,
				1B33719324430B4800116EE2 /* SliderView.swift in Sources */,
				1B777BAB2489DBBB0064F7E8 /* BBIModelEndpoint.swift in Sources */,
				1BBF1D91249B19C00071502D /* SideViewController.swift in Sources */,
				1B301E242477610000BF0882 /* MainControlView.swift in Sources */,
				1B76F88B24AB2769000FC1AA /* Image+Gif.swift in Sources */,
				1BCAF3622451099A009E2A59 /* Constants.swift in Sources */,
				1B33716524430B2600116EE2 /* SceneDelegate.swift in Sources */,
				1B7B6B2F249C589800766A11 /* WarpImage.swift in Sources */,
				1B3B57D62447D34300D6A6CC /* Modifiers.swift in Sources */,
				1B4D5CEC244416E100828099 /* UserStore.swift in Sources */,
				1B4D5CEA2443EDB600828099 /* FBLoginProvider.swift in Sources */,
				1B33716724430B2600116EE2 /* ContentView.swift in Sources */,
				1BDB9CA7245E4C1000921821 /* CameraView.swift in Sources */,
				1B76F92C24AC8B47000FC1AA /* Update.swift in Sources */,
				1BCAF35E2450555C009E2A59 /* HelperMethods.swift in Sources */,
				1B7B46F12499C7700055A3DE /* FrontViewController.swift in Sources */,
				1B4D5CEE24441B7F00828099 /* SessionStore.swift in Sources */,
				1B7AE48D2491F09600FC3E9D /* CameraOverlayView.swift in Sources */,
				1BDB9CAD245E4CC400921821 /* UserCameraView.swift in Sources */,
				1B76F92A24AC8B3D000FC1AA /* HealthView.swift in Sources */,
				96D5BF7B24D26DA800E0B466 /* LoginUser.swift in Sources */,
				1BCAF360245056F6009E2A59 /* MetricsConversionView.swift in Sources */,
				1BFE4BE224584866001BA44B /* TestView.swift in Sources */,
				1B33719524430B7500116EE2 /* UserActivity.swift in Sources */,
				1B128316247F5940006E9906 /* EnvironmentWindowKey.swift in Sources */,
				1B484B3C24A2D39300BC430B /* ImagePreview.swift in Sources */,
			);
			runOnlyForDeploymentPostprocessing = 0;
		};
		1B33717124430B2800116EE2 /* Sources */ = {
			isa = PBXSourcesBuildPhase;
			buildActionMask = 2147483647;
			files = (
				1B33717A24430B2800116EE2 /* View2LoseTests.swift in Sources */,
			);
			runOnlyForDeploymentPostprocessing = 0;
		};
		1B33717C24430B2800116EE2 /* Sources */ = {
			isa = PBXSourcesBuildPhase;
			buildActionMask = 2147483647;
			files = (
				1B33718524430B2800116EE2 /* View2LoseUITests.swift in Sources */,
			);
			runOnlyForDeploymentPostprocessing = 0;
		};
/* End PBXSourcesBuildPhase section */

/* Begin PBXTargetDependency section */
		1B33717724430B2800116EE2 /* PBXTargetDependency */ = {
			isa = PBXTargetDependency;
			target = 1B33715E24430B2600116EE2 /* View2Lose */;
			targetProxy = 1B33717624430B2800116EE2 /* PBXContainerItemProxy */;
		};
		1B33718224430B2800116EE2 /* PBXTargetDependency */ = {
			isa = PBXTargetDependency;
			target = 1B33715E24430B2600116EE2 /* View2Lose */;
			targetProxy = 1B33718124430B2800116EE2 /* PBXContainerItemProxy */;
		};
/* End PBXTargetDependency section */

/* Begin PBXVariantGroup section */
		1B33716D24430B2800116EE2 /* LaunchScreen.storyboard */ = {
			isa = PBXVariantGroup;
			children = (
				1B33716E24430B2800116EE2 /* Base */,
			);
			name = LaunchScreen.storyboard;
			sourceTree = "<group>";
		};
/* End PBXVariantGroup section */

/* Begin XCBuildConfiguration section */
		1B33718724430B2800116EE2 /* Debug */ = {
			isa = XCBuildConfiguration;
			buildSettings = {
				ALWAYS_SEARCH_USER_PATHS = NO;
				CLANG_ANALYZER_NONNULL = YES;
				CLANG_ANALYZER_NUMBER_OBJECT_CONVERSION = YES_AGGRESSIVE;
				CLANG_CXX_LANGUAGE_STANDARD = "gnu++14";
				CLANG_CXX_LIBRARY = "libc++";
				CLANG_ENABLE_MODULES = YES;
				CLANG_ENABLE_OBJC_ARC = YES;
				CLANG_ENABLE_OBJC_WEAK = YES;
				CLANG_WARN_BLOCK_CAPTURE_AUTORELEASING = YES;
				CLANG_WARN_BOOL_CONVERSION = YES;
				CLANG_WARN_COMMA = YES;
				CLANG_WARN_CONSTANT_CONVERSION = YES;
				CLANG_WARN_DEPRECATED_OBJC_IMPLEMENTATIONS = YES;
				CLANG_WARN_DIRECT_OBJC_ISA_USAGE = YES_ERROR;
				CLANG_WARN_DOCUMENTATION_COMMENTS = YES;
				CLANG_WARN_EMPTY_BODY = YES;
				CLANG_WARN_ENUM_CONVERSION = YES;
				CLANG_WARN_INFINITE_RECURSION = YES;
				CLANG_WARN_INT_CONVERSION = YES;
				CLANG_WARN_NON_LITERAL_NULL_CONVERSION = YES;
				CLANG_WARN_OBJC_IMPLICIT_RETAIN_SELF = YES;
				CLANG_WARN_OBJC_LITERAL_CONVERSION = YES;
				CLANG_WARN_OBJC_ROOT_CLASS = YES_ERROR;
				CLANG_WARN_RANGE_LOOP_ANALYSIS = YES;
				CLANG_WARN_STRICT_PROTOTYPES = YES;
				CLANG_WARN_SUSPICIOUS_MOVE = YES;
				CLANG_WARN_UNGUARDED_AVAILABILITY = YES_AGGRESSIVE;
				CLANG_WARN_UNREACHABLE_CODE = YES;
				CLANG_WARN__DUPLICATE_METHOD_MATCH = YES;
				COPY_PHASE_STRIP = NO;
				DEBUG_INFORMATION_FORMAT = dwarf;
				ENABLE_STRICT_OBJC_MSGSEND = YES;
				ENABLE_TESTABILITY = YES;
				GCC_C_LANGUAGE_STANDARD = gnu11;
				GCC_DYNAMIC_NO_PIC = NO;
				GCC_NO_COMMON_BLOCKS = YES;
				GCC_OPTIMIZATION_LEVEL = 0;
				GCC_PREPROCESSOR_DEFINITIONS = (
					"DEBUG=1",
					"$(inherited)",
				);
				GCC_WARN_64_TO_32_BIT_CONVERSION = YES;
				GCC_WARN_ABOUT_RETURN_TYPE = YES_ERROR;
				GCC_WARN_UNDECLARED_SELECTOR = YES;
				GCC_WARN_UNINITIALIZED_AUTOS = YES_AGGRESSIVE;
				GCC_WARN_UNUSED_FUNCTION = YES;
				GCC_WARN_UNUSED_VARIABLE = YES;
				IPHONEOS_DEPLOYMENT_TARGET = 13.0;
				MTL_ENABLE_DEBUG_INFO = INCLUDE_SOURCE;
				MTL_FAST_MATH = YES;
				ONLY_ACTIVE_ARCH = YES;
				SDKROOT = iphoneos;
				SWIFT_ACTIVE_COMPILATION_CONDITIONS = DEBUG;
				SWIFT_OPTIMIZATION_LEVEL = "-Onone";
			};
			name = Debug;
		};
		1B33718824430B2800116EE2 /* Release */ = {
			isa = XCBuildConfiguration;
			buildSettings = {
				ALWAYS_SEARCH_USER_PATHS = NO;
				CLANG_ANALYZER_NONNULL = YES;
				CLANG_ANALYZER_NUMBER_OBJECT_CONVERSION = YES_AGGRESSIVE;
				CLANG_CXX_LANGUAGE_STANDARD = "gnu++14";
				CLANG_CXX_LIBRARY = "libc++";
				CLANG_ENABLE_MODULES = YES;
				CLANG_ENABLE_OBJC_ARC = YES;
				CLANG_ENABLE_OBJC_WEAK = YES;
				CLANG_WARN_BLOCK_CAPTURE_AUTORELEASING = YES;
				CLANG_WARN_BOOL_CONVERSION = YES;
				CLANG_WARN_COMMA = YES;
				CLANG_WARN_CONSTANT_CONVERSION = YES;
				CLANG_WARN_DEPRECATED_OBJC_IMPLEMENTATIONS = YES;
				CLANG_WARN_DIRECT_OBJC_ISA_USAGE = YES_ERROR;
				CLANG_WARN_DOCUMENTATION_COMMENTS = YES;
				CLANG_WARN_EMPTY_BODY = YES;
				CLANG_WARN_ENUM_CONVERSION = YES;
				CLANG_WARN_INFINITE_RECURSION = YES;
				CLANG_WARN_INT_CONVERSION = YES;
				CLANG_WARN_NON_LITERAL_NULL_CONVERSION = YES;
				CLANG_WARN_OBJC_IMPLICIT_RETAIN_SELF = YES;
				CLANG_WARN_OBJC_LITERAL_CONVERSION = YES;
				CLANG_WARN_OBJC_ROOT_CLASS = YES_ERROR;
				CLANG_WARN_RANGE_LOOP_ANALYSIS = YES;
				CLANG_WARN_STRICT_PROTOTYPES = YES;
				CLANG_WARN_SUSPICIOUS_MOVE = YES;
				CLANG_WARN_UNGUARDED_AVAILABILITY = YES_AGGRESSIVE;
				CLANG_WARN_UNREACHABLE_CODE = YES;
				CLANG_WARN__DUPLICATE_METHOD_MATCH = YES;
				COPY_PHASE_STRIP = NO;
				DEBUG_INFORMATION_FORMAT = "dwarf-with-dsym";
				ENABLE_NS_ASSERTIONS = NO;
				ENABLE_STRICT_OBJC_MSGSEND = YES;
				GCC_C_LANGUAGE_STANDARD = gnu11;
				GCC_NO_COMMON_BLOCKS = YES;
				GCC_WARN_64_TO_32_BIT_CONVERSION = YES;
				GCC_WARN_ABOUT_RETURN_TYPE = YES_ERROR;
				GCC_WARN_UNDECLARED_SELECTOR = YES;
				GCC_WARN_UNINITIALIZED_AUTOS = YES_AGGRESSIVE;
				GCC_WARN_UNUSED_FUNCTION = YES;
				GCC_WARN_UNUSED_VARIABLE = YES;
				IPHONEOS_DEPLOYMENT_TARGET = 13.0;
				MTL_ENABLE_DEBUG_INFO = NO;
				MTL_FAST_MATH = YES;
				SDKROOT = iphoneos;
				SWIFT_COMPILATION_MODE = wholemodule;
				SWIFT_OPTIMIZATION_LEVEL = "-O";
				VALIDATE_PRODUCT = YES;
			};
			name = Release;
		};
		1B33718A24430B2800116EE2 /* Debug */ = {
			isa = XCBuildConfiguration;
			buildSettings = {
				ASSETCATALOG_COMPILER_APPICON_NAME = AppIcon;
				CLANG_ENABLE_MODULES = YES;
				CODE_SIGN_ENTITLEMENTS = View2Lose/View2Lose.entitlements;
				CODE_SIGN_IDENTITY = "Apple Development";
				CODE_SIGN_STYLE = Automatic;
				CURRENT_PROJECT_VERSION = 65;
				DEVELOPMENT_ASSET_PATHS = "\"View2Lose/Preview Content\"";
				DEVELOPMENT_TEAM = VRBL5XWLHA;
				ENABLE_PREVIEWS = YES;
				INFOPLIST_FILE = View2Lose/Info.plist;
				LD_RUNPATH_SEARCH_PATHS = (
					"$(inherited)",
					"@executable_path/Frameworks",
				);
				MARKETING_VERSION = 5.0.0;
				PRODUCT_BUNDLE_IDENTIFIER = com.betterbodyimageapp.BBIOS;
				PRODUCT_NAME = "$(TARGET_NAME)";
				PROVISIONING_PROFILE_SPECIFIER = "";
				SWIFT_OBJC_BRIDGING_HEADER = "View2Lose/View2Lose-Bridging-Header.h";
				SWIFT_OPTIMIZATION_LEVEL = "-Onone";
				SWIFT_VERSION = 5.0;
				TARGETED_DEVICE_FAMILY = 1;
			};
			name = Debug;
		};
		1B33718B24430B2800116EE2 /* Release */ = {
			isa = XCBuildConfiguration;
			buildSettings = {
				ASSETCATALOG_COMPILER_APPICON_NAME = AppIcon;
				CLANG_ENABLE_MODULES = YES;
				CODE_SIGN_ENTITLEMENTS = View2Lose/View2Lose.entitlements;
				CODE_SIGN_IDENTITY = "Apple Development";
				CODE_SIGN_STYLE = Automatic;
				CURRENT_PROJECT_VERSION = 65;
				DEVELOPMENT_ASSET_PATHS = "\"View2Lose/Preview Content\"";
				DEVELOPMENT_TEAM = VRBL5XWLHA;
				ENABLE_PREVIEWS = YES;
				INFOPLIST_FILE = View2Lose/Info.plist;
				LD_RUNPATH_SEARCH_PATHS = (
					"$(inherited)",
					"@executable_path/Frameworks",
				);
				MARKETING_VERSION = 5.0.0;
				PRODUCT_BUNDLE_IDENTIFIER = com.betterbodyimageapp.BBIOS;
				PRODUCT_NAME = "$(TARGET_NAME)";
				PROVISIONING_PROFILE_SPECIFIER = "";
				SWIFT_OBJC_BRIDGING_HEADER = "View2Lose/View2Lose-Bridging-Header.h";
				SWIFT_VERSION = 5.0;
				TARGETED_DEVICE_FAMILY = 1;
			};
			name = Release;
		};
		1B33718D24430B2800116EE2 /* Debug */ = {
			isa = XCBuildConfiguration;
			buildSettings = {
				ALWAYS_EMBED_SWIFT_STANDARD_LIBRARIES = YES;
				BUNDLE_LOADER = "$(TEST_HOST)";
				CODE_SIGN_STYLE = Automatic;
				DEVELOPMENT_TEAM = VUJY575SM8;
				INFOPLIST_FILE = View2LoseTests/Info.plist;
				IPHONEOS_DEPLOYMENT_TARGET = 13.4;
				LD_RUNPATH_SEARCH_PATHS = (
					"$(inherited)",
					"@executable_path/Frameworks",
					"@loader_path/Frameworks",
				);
				PRODUCT_BUNDLE_IDENTIFIER = com.sagar.View2LoseTests;
				PRODUCT_NAME = "$(TARGET_NAME)";
				SWIFT_VERSION = 5.0;
				TARGETED_DEVICE_FAMILY = "1,2";
				TEST_HOST = "$(BUILT_PRODUCTS_DIR)/View2Lose.app/View2Lose";
			};
			name = Debug;
		};
		1B33718E24430B2800116EE2 /* Release */ = {
			isa = XCBuildConfiguration;
			buildSettings = {
				ALWAYS_EMBED_SWIFT_STANDARD_LIBRARIES = YES;
				BUNDLE_LOADER = "$(TEST_HOST)";
				CODE_SIGN_STYLE = Automatic;
				DEVELOPMENT_TEAM = VUJY575SM8;
				INFOPLIST_FILE = View2LoseTests/Info.plist;
				IPHONEOS_DEPLOYMENT_TARGET = 13.4;
				LD_RUNPATH_SEARCH_PATHS = (
					"$(inherited)",
					"@executable_path/Frameworks",
					"@loader_path/Frameworks",
				);
				PRODUCT_BUNDLE_IDENTIFIER = com.sagar.View2LoseTests;
				PRODUCT_NAME = "$(TARGET_NAME)";
				SWIFT_VERSION = 5.0;
				TARGETED_DEVICE_FAMILY = "1,2";
				TEST_HOST = "$(BUILT_PRODUCTS_DIR)/View2Lose.app/View2Lose";
			};
			name = Release;
		};
		1B33719024430B2800116EE2 /* Debug */ = {
			isa = XCBuildConfiguration;
			buildSettings = {
				ALWAYS_EMBED_SWIFT_STANDARD_LIBRARIES = YES;
				CODE_SIGN_STYLE = Automatic;
				DEVELOPMENT_TEAM = VUJY575SM8;
				INFOPLIST_FILE = View2LoseUITests/Info.plist;
				LD_RUNPATH_SEARCH_PATHS = (
					"$(inherited)",
					"@executable_path/Frameworks",
					"@loader_path/Frameworks",
				);
				PRODUCT_BUNDLE_IDENTIFIER = com.sagar.View2LoseUITests;
				PRODUCT_NAME = "$(TARGET_NAME)";
				SWIFT_VERSION = 5.0;
				TARGETED_DEVICE_FAMILY = "1,2";
				TEST_TARGET_NAME = View2Lose;
			};
			name = Debug;
		};
		1B33719124430B2800116EE2 /* Release */ = {
			isa = XCBuildConfiguration;
			buildSettings = {
				ALWAYS_EMBED_SWIFT_STANDARD_LIBRARIES = YES;
				CODE_SIGN_STYLE = Automatic;
				DEVELOPMENT_TEAM = VUJY575SM8;
				INFOPLIST_FILE = View2LoseUITests/Info.plist;
				LD_RUNPATH_SEARCH_PATHS = (
					"$(inherited)",
					"@executable_path/Frameworks",
					"@loader_path/Frameworks",
				);
				PRODUCT_BUNDLE_IDENTIFIER = com.sagar.View2LoseUITests;
				PRODUCT_NAME = "$(TARGET_NAME)";
				SWIFT_VERSION = 5.0;
				TARGETED_DEVICE_FAMILY = "1,2";
				TEST_TARGET_NAME = View2Lose;
			};
			name = Release;
		};
/* End XCBuildConfiguration section */

/* Begin XCConfigurationList section */
		1B33715A24430B2600116EE2 /* Build configuration list for PBXProject "View2Lose" */ = {
			isa = XCConfigurationList;
			buildConfigurations = (
				1B33718724430B2800116EE2 /* Debug */,
				1B33718824430B2800116EE2 /* Release */,
			);
			defaultConfigurationIsVisible = 0;
			defaultConfigurationName = Release;
		};
		1B33718924430B2800116EE2 /* Build configuration list for PBXNativeTarget "View2Lose" */ = {
			isa = XCConfigurationList;
			buildConfigurations = (
				1B33718A24430B2800116EE2 /* Debug */,
				1B33718B24430B2800116EE2 /* Release */,
			);
			defaultConfigurationIsVisible = 0;
			defaultConfigurationName = Release;
		};
		1B33718C24430B2800116EE2 /* Build configuration list for PBXNativeTarget "View2LoseTests" */ = {
			isa = XCConfigurationList;
			buildConfigurations = (
				1B33718D24430B2800116EE2 /* Debug */,
				1B33718E24430B2800116EE2 /* Release */,
			);
			defaultConfigurationIsVisible = 0;
			defaultConfigurationName = Release;
		};
		1B33718F24430B2800116EE2 /* Build configuration list for PBXNativeTarget "View2LoseUITests" */ = {
			isa = XCConfigurationList;
			buildConfigurations = (
				1B33719024430B2800116EE2 /* Debug */,
				1B33719124430B2800116EE2 /* Release */,
			);
			defaultConfigurationIsVisible = 0;
			defaultConfigurationName = Release;
		};
/* End XCConfigurationList section */

/* Begin XCRemoteSwiftPackageReference section */
		1B3371A02443161A00116EE2 /* XCRemoteSwiftPackageReference "facebook-ios-sdk" */ = {
			isa = XCRemoteSwiftPackageReference;
			repositoryURL = "https://github.com/facebook/facebook-ios-sdk";
			requirement = {
				kind = upToNextMajorVersion;
				minimumVersion = 6.3.0;
			};
		};
		1B76F91924AC7952000FC1AA /* XCRemoteSwiftPackageReference "SwiftyGif" */ = {
			isa = XCRemoteSwiftPackageReference;
			repositoryURL = "https://github.com/kirualex/SwiftyGif.git";
			requirement = {
				kind = upToNextMajorVersion;
				minimumVersion = 5.3.0;
			};
		};
		1B7E650A2498528F00455BD5 /* XCRemoteSwiftPackageReference "keychain-swift" */ = {
			isa = XCRemoteSwiftPackageReference;
			repositoryURL = "https://github.com/evgenyneu/keychain-swift.git";
			requirement = {
				kind = upToNextMajorVersion;
				minimumVersion = 19.0.0;
			};
		};
		965B470C24B7F70800769092 /* XCRemoteSwiftPackageReference "Charts" */ = {
			isa = XCRemoteSwiftPackageReference;
			repositoryURL = "https://github.com/danielgindi/Charts.git";
			requirement = {
				kind = upToNextMajorVersion;
				minimumVersion = 3.5.0;
			};
		};
/* End XCRemoteSwiftPackageReference section */

/* Begin XCSwiftPackageProductDependency section */
		1B3371A12443161A00116EE2 /* FacebookCore */ = {
			isa = XCSwiftPackageProductDependency;
			package = 1B3371A02443161A00116EE2 /* XCRemoteSwiftPackageReference "facebook-ios-sdk" */;
			productName = FacebookCore;
		};
		1B3371A32443161A00116EE2 /* FacebookLogin */ = {
			isa = XCSwiftPackageProductDependency;
			package = 1B3371A02443161A00116EE2 /* XCRemoteSwiftPackageReference "facebook-ios-sdk" */;
			productName = FacebookLogin;
		};
		1B3371A52443161A00116EE2 /* FacebookShare */ = {
			isa = XCSwiftPackageProductDependency;
			package = 1B3371A02443161A00116EE2 /* XCRemoteSwiftPackageReference "facebook-ios-sdk" */;
			productName = FacebookShare;
		};
		1B76F91A24AC7952000FC1AA /* SwiftyGif */ = {
			isa = XCSwiftPackageProductDependency;
			package = 1B76F91924AC7952000FC1AA /* XCRemoteSwiftPackageReference "SwiftyGif" */;
			productName = SwiftyGif;
		};
		1B7E650B2498528F00455BD5 /* KeychainSwift */ = {
			isa = XCSwiftPackageProductDependency;
			package = 1B7E650A2498528F00455BD5 /* XCRemoteSwiftPackageReference "keychain-swift" */;
			productName = KeychainSwift;
		};
		965B470D24B7F70800769092 /* Charts */ = {
			isa = XCSwiftPackageProductDependency;
			package = 965B470C24B7F70800769092 /* XCRemoteSwiftPackageReference "Charts" */;
			productName = Charts;
		};
/* End XCSwiftPackageProductDependency section */
	};
	rootObject = 1B33715724430B2600116EE2 /* Project object */;
}
